// !$*UTF8*$!
{
	archiveVersion = 1;
	classes = {
	};
	objectVersion = 48;
	objects = {

/* Begin PBXBuildFile section */
		F944A742201546CC00D4C771 /* AuthenticationCoordinator.swift in Sources */ = {isa = PBXBuildFile; fileRef = F944A731201546CC00D4C771 /* AuthenticationCoordinator.swift */; };
		F944A743201546CC00D4C771 /* AppCoordinator.swift in Sources */ = {isa = PBXBuildFile; fileRef = F944A732201546CC00D4C771 /* AppCoordinator.swift */; };
		F944A745201546CC00D4C771 /* Assets.xcassets in Resources */ = {isa = PBXBuildFile; fileRef = F944A734201546CC00D4C771 /* Assets.xcassets */; };
		F944A746201546CC00D4C771 /* LaunchScreen.storyboard in Resources */ = {isa = PBXBuildFile; fileRef = F944A735201546CC00D4C771 /* LaunchScreen.storyboard */; };
		F944A747201546CC00D4C771 /* Main.storyboard in Resources */ = {isa = PBXBuildFile; fileRef = F944A737201546CC00D4C771 /* Main.storyboard */; };
		F944A748201546CC00D4C771 /* AppDelegate.swift in Sources */ = {isa = PBXBuildFile; fileRef = F944A739201546CC00D4C771 /* AppDelegate.swift */; };
		F944A74F201546E400D4C771 /* FlowerTests.swift in Sources */ = {isa = PBXBuildFile; fileRef = F944A73D201546CC00D4C771 /* FlowerTests.swift */; };
		F944A752201546EF00D4C771 /* FlowerUITests.swift in Sources */ = {isa = PBXBuildFile; fileRef = F944A741201546CC00D4C771 /* FlowerUITests.swift */; };
		F944A7552015482F00D4C771 /* LoginViewController.swift in Sources */ = {isa = PBXBuildFile; fileRef = F944A7542015482F00D4C771 /* LoginViewController.swift */; };
		F96EC8E42018E27E001013E5 /* Localizable.strings in Resources */ = {isa = PBXBuildFile; fileRef = F96EC8E32018E27E001013E5 /* Localizable.strings */; };
		F96EC8E92018E47C001013E5 /* PasswordViewController.swift in Sources */ = {isa = PBXBuildFile; fileRef = F96EC8E72018E47C001013E5 /* PasswordViewController.swift */; };
		F96EC8EA2018E47C001013E5 /* PasswordViewController.xib in Resources */ = {isa = PBXBuildFile; fileRef = F96EC8E82018E47C001013E5 /* PasswordViewController.xib */; };
		F97A0D032017410700BA1664 /* LoginViewController.xib in Resources */ = {isa = PBXBuildFile; fileRef = F97A0D022017410700BA1664 /* LoginViewController.xib */; };
		F9A2D2D02018F4BE00F0033E /* Order.swift in Sources */ = {isa = PBXBuildFile; fileRef = F9A2D2CF2018F4BE00F0033E /* Order.swift */; };
		F9C368F52017A40600729638 /* MainViewController.swift in Sources */ = {isa = PBXBuildFile; fileRef = F9C368F42017A40600729638 /* MainViewController.swift */; };
		F9C368F92017A63800729638 /* MainViewController.xib in Resources */ = {isa = PBXBuildFile; fileRef = F9C368F82017A63800729638 /* MainViewController.xib */; };
		F9C368FE2017AF3500729638 /* ProfileViewController.swift in Sources */ = {isa = PBXBuildFile; fileRef = F9C368FC2017AF3500729638 /* ProfileViewController.swift */; };
		F9C368FF2017AF3500729638 /* ProfileViewController.xib in Resources */ = {isa = PBXBuildFile; fileRef = F9C368FD2017AF3500729638 /* ProfileViewController.xib */; };
		F9CDF6E120174C11009B506D /* SignupViewController.swift in Sources */ = {isa = PBXBuildFile; fileRef = F9CDF6DF20174C11009B506D /* SignupViewController.swift */; };
		F9CDF6E220174C11009B506D /* SignupViewController.xib in Resources */ = {isa = PBXBuildFile; fileRef = F9CDF6E020174C11009B506D /* SignupViewController.xib */; };
		F9CDF6E420178BB0009B506D /* TabBarCoordinator.swift in Sources */ = {isa = PBXBuildFile; fileRef = F9CDF6E320178BB0009B506D /* TabBarCoordinator.swift */; };
		F9CDF6E620178C15009B506D /* OrderCoordinator.swift in Sources */ = {isa = PBXBuildFile; fileRef = F9CDF6E520178C15009B506D /* OrderCoordinator.swift */; };
		F9CDF6E820178C66009B506D /* ProfileCoordinator.swift in Sources */ = {isa = PBXBuildFile; fileRef = F9CDF6E720178C66009B506D /* ProfileCoordinator.swift */; };
		F9CDF6EA20179D8F009B506D /* MainCoordinator.swift in Sources */ = {isa = PBXBuildFile; fileRef = F9CDF6E920179D8F009B506D /* MainCoordinator.swift */; };
/* End PBXBuildFile section */

/* Begin PBXContainerItemProxy section */
		F9006303200E64AB00578C11 /* PBXContainerItemProxy */ = {
			isa = PBXContainerItemProxy;
			containerPortal = F90062E4200E64AB00578C11 /* Project object */;
			proxyType = 1;
			remoteGlobalIDString = F90062EB200E64AB00578C11;
			remoteInfo = AccorBooking;
		};
		F900630E200E64AB00578C11 /* PBXContainerItemProxy */ = {
			isa = PBXContainerItemProxy;
			containerPortal = F90062E4200E64AB00578C11 /* Project object */;
			proxyType = 1;
			remoteGlobalIDString = F90062EB200E64AB00578C11;
			remoteInfo = AccorBooking;
		};
/* End PBXContainerItemProxy section */

/* Begin PBXFileReference section */
		F90062EC200E64AB00578C11 /* Flower.app */ = {isa = PBXFileReference; explicitFileType = wrapper.application; includeInIndex = 0; path = Flower.app; sourceTree = BUILT_PRODUCTS_DIR; };
		F9006302200E64AB00578C11 /* FlowerTests.xctest */ = {isa = PBXFileReference; explicitFileType = wrapper.cfbundle; includeInIndex = 0; path = FlowerTests.xctest; sourceTree = BUILT_PRODUCTS_DIR; };
		F900630D200E64AB00578C11 /* FlowerUITests.xctest */ = {isa = PBXFileReference; explicitFileType = wrapper.cfbundle; includeInIndex = 0; path = FlowerUITests.xctest; sourceTree = BUILT_PRODUCTS_DIR; };
		F944A731201546CC00D4C771 /* AuthenticationCoordinator.swift */ = {isa = PBXFileReference; fileEncoding = 4; lastKnownFileType = sourcecode.swift; path = AuthenticationCoordinator.swift; sourceTree = "<group>"; };
		F944A732201546CC00D4C771 /* AppCoordinator.swift */ = {isa = PBXFileReference; fileEncoding = 4; lastKnownFileType = sourcecode.swift; path = AppCoordinator.swift; sourceTree = "<group>"; };
		F944A734201546CC00D4C771 /* Assets.xcassets */ = {isa = PBXFileReference; lastKnownFileType = folder.assetcatalog; path = Assets.xcassets; sourceTree = "<group>"; };
		F944A736201546CC00D4C771 /* Base */ = {isa = PBXFileReference; lastKnownFileType = file.storyboard; name = Base; path = Base.lproj/LaunchScreen.storyboard; sourceTree = "<group>"; };
		F944A738201546CC00D4C771 /* Base */ = {isa = PBXFileReference; lastKnownFileType = file.storyboard; name = Base; path = Base.lproj/Main.storyboard; sourceTree = "<group>"; };
		F944A739201546CC00D4C771 /* AppDelegate.swift */ = {isa = PBXFileReference; fileEncoding = 4; lastKnownFileType = sourcecode.swift; path = AppDelegate.swift; sourceTree = "<group>"; };
		F944A73B201546CC00D4C771 /* Info.plist */ = {isa = PBXFileReference; fileEncoding = 4; lastKnownFileType = text.plist.xml; path = Info.plist; sourceTree = "<group>"; };
		F944A73D201546CC00D4C771 /* FlowerTests.swift */ = {isa = PBXFileReference; fileEncoding = 4; lastKnownFileType = sourcecode.swift; path = FlowerTests.swift; sourceTree = "<group>"; };
		F944A73E201546CC00D4C771 /* Info.plist */ = {isa = PBXFileReference; fileEncoding = 4; lastKnownFileType = text.plist.xml; path = Info.plist; sourceTree = "<group>"; };
		F944A740201546CC00D4C771 /* Info.plist */ = {isa = PBXFileReference; fileEncoding = 4; lastKnownFileType = text.plist.xml; path = Info.plist; sourceTree = "<group>"; };
		F944A741201546CC00D4C771 /* FlowerUITests.swift */ = {isa = PBXFileReference; fileEncoding = 4; lastKnownFileType = sourcecode.swift; path = FlowerUITests.swift; sourceTree = "<group>"; };
		F944A7542015482F00D4C771 /* LoginViewController.swift */ = {isa = PBXFileReference; lastKnownFileType = sourcecode.swift; path = LoginViewController.swift; sourceTree = "<group>"; };
		F96EC8E32018E27E001013E5 /* Localizable.strings */ = {isa = PBXFileReference; lastKnownFileType = text.plist.strings; path = Localizable.strings; sourceTree = "<group>"; };
		F96EC8E72018E47C001013E5 /* PasswordViewController.swift */ = {isa = PBXFileReference; lastKnownFileType = sourcecode.swift; path = PasswordViewController.swift; sourceTree = "<group>"; };
		F96EC8E82018E47C001013E5 /* PasswordViewController.xib */ = {isa = PBXFileReference; lastKnownFileType = file.xib; path = PasswordViewController.xib; sourceTree = "<group>"; };
		F97A0D022017410700BA1664 /* LoginViewController.xib */ = {isa = PBXFileReference; lastKnownFileType = file.xib; path = LoginViewController.xib; sourceTree = "<group>"; };
		F9A2D2CF2018F4BE00F0033E /* Order.swift */ = {isa = PBXFileReference; lastKnownFileType = sourcecode.swift; path = Order.swift; sourceTree = "<group>"; };
		F9C368F42017A40600729638 /* MainViewController.swift */ = {isa = PBXFileReference; lastKnownFileType = sourcecode.swift; path = MainViewController.swift; sourceTree = "<group>"; };
		F9C368F82017A63800729638 /* MainViewController.xib */ = {isa = PBXFileReference; lastKnownFileType = file.xib; path = MainViewController.xib; sourceTree = "<group>"; };
		F9C368FC2017AF3500729638 /* ProfileViewController.swift */ = {isa = PBXFileReference; lastKnownFileType = sourcecode.swift; path = ProfileViewController.swift; sourceTree = "<group>"; };
		F9C368FD2017AF3500729638 /* ProfileViewController.xib */ = {isa = PBXFileReference; lastKnownFileType = file.xib; path = ProfileViewController.xib; sourceTree = "<group>"; };
		F9CDF6DF20174C11009B506D /* SignupViewController.swift */ = {isa = PBXFileReference; lastKnownFileType = sourcecode.swift; path = SignupViewController.swift; sourceTree = "<group>"; };
		F9CDF6E020174C11009B506D /* SignupViewController.xib */ = {isa = PBXFileReference; lastKnownFileType = file.xib; path = SignupViewController.xib; sourceTree = "<group>"; };
		F9CDF6E320178BB0009B506D /* TabBarCoordinator.swift */ = {isa = PBXFileReference; lastKnownFileType = sourcecode.swift; path = TabBarCoordinator.swift; sourceTree = "<group>"; };
		F9CDF6E520178C15009B506D /* OrderCoordinator.swift */ = {isa = PBXFileReference; lastKnownFileType = sourcecode.swift; path = OrderCoordinator.swift; sourceTree = "<group>"; };
		F9CDF6E720178C66009B506D /* ProfileCoordinator.swift */ = {isa = PBXFileReference; lastKnownFileType = sourcecode.swift; path = ProfileCoordinator.swift; sourceTree = "<group>"; };
		F9CDF6E920179D8F009B506D /* MainCoordinator.swift */ = {isa = PBXFileReference; lastKnownFileType = sourcecode.swift; path = MainCoordinator.swift; sourceTree = "<group>"; };
/* End PBXFileReference section */

/* Begin PBXFrameworksBuildPhase section */
		F90062E9200E64AB00578C11 /* Frameworks */ = {
			isa = PBXFrameworksBuildPhase;
			buildActionMask = 2147483647;
			files = (
			);
			runOnlyForDeploymentPostprocessing = 0;
		};
		F90062FF200E64AB00578C11 /* Frameworks */ = {
			isa = PBXFrameworksBuildPhase;
			buildActionMask = 2147483647;
			files = (
			);
			runOnlyForDeploymentPostprocessing = 0;
		};
		F900630A200E64AB00578C11 /* Frameworks */ = {
			isa = PBXFrameworksBuildPhase;
			buildActionMask = 2147483647;
			files = (
			);
			runOnlyForDeploymentPostprocessing = 0;
		};
/* End PBXFrameworksBuildPhase section */

/* Begin PBXGroup section */
		F90062E3200E64AB00578C11 = {
			isa = PBXGroup;
			children = (
				F944A72F201546CC00D4C771 /* Flower */,
				F944A73C201546CC00D4C771 /* FlowerTests */,
				F944A73F201546CC00D4C771 /* FlowerUITests */,
				F90062ED200E64AB00578C11 /* Products */,
			);
			sourceTree = "<group>";
		};
		F90062ED200E64AB00578C11 /* Products */ = {
			isa = PBXGroup;
			children = (
				F90062EC200E64AB00578C11 /* Flower.app */,
				F9006302200E64AB00578C11 /* FlowerTests.xctest */,
				F900630D200E64AB00578C11 /* FlowerUITests.xctest */,
			);
			name = Products;
			sourceTree = "<group>";
		};
		F944A72F201546CC00D4C771 /* Flower */ = {
			isa = PBXGroup;
			children = (
				F9A2D2CE2018F49B00F0033E /* models */,
				F9C368F32017A3F400729638 /* controllers */,
				F944A7532015480B00D4C771 /* Authentification */,
				F944A730201546CC00D4C771 /* Coordinators */,
				F944A734201546CC00D4C771 /* Assets.xcassets */,
				F944A735201546CC00D4C771 /* LaunchScreen.storyboard */,
				F944A737201546CC00D4C771 /* Main.storyboard */,
				F96EC8E32018E27E001013E5 /* Localizable.strings */,
				F944A739201546CC00D4C771 /* AppDelegate.swift */,
				F944A73B201546CC00D4C771 /* Info.plist */,
			);
			path = Flower;
			sourceTree = "<group>";
		};
		F944A730201546CC00D4C771 /* Coordinators */ = {
			isa = PBXGroup;
			children = (
				F944A732201546CC00D4C771 /* AppCoordinator.swift */,
				F9CDF6E920179D8F009B506D /* MainCoordinator.swift */,
				F944A731201546CC00D4C771 /* AuthenticationCoordinator.swift */,
				F9CDF6E320178BB0009B506D /* TabBarCoordinator.swift */,
				F9CDF6E520178C15009B506D /* OrderCoordinator.swift */,
				F9CDF6E720178C66009B506D /* ProfileCoordinator.swift */,
			);
			path = Coordinators;
			sourceTree = "<group>";
		};
		F944A73C201546CC00D4C771 /* FlowerTests */ = {
			isa = PBXGroup;
			children = (
				F944A73D201546CC00D4C771 /* FlowerTests.swift */,
				F944A73E201546CC00D4C771 /* Info.plist */,
			);
			path = FlowerTests;
			sourceTree = "<group>";
		};
		F944A73F201546CC00D4C771 /* FlowerUITests */ = {
			isa = PBXGroup;
			children = (
				F944A740201546CC00D4C771 /* Info.plist */,
				F944A741201546CC00D4C771 /* FlowerUITests.swift */,
			);
			path = FlowerUITests;
			sourceTree = "<group>";
		};
		F944A7532015480B00D4C771 /* Authentification */ = {
			isa = PBXGroup;
			children = (
				F944A7542015482F00D4C771 /* LoginViewController.swift */,
				F97A0D022017410700BA1664 /* LoginViewController.xib */,
				F9CDF6DF20174C11009B506D /* SignupViewController.swift */,
				F9CDF6E020174C11009B506D /* SignupViewController.xib */,
				F96EC8E72018E47C001013E5 /* PasswordViewController.swift */,
				F96EC8E82018E47C001013E5 /* PasswordViewController.xib */,
				F9C368FC2017AF3500729638 /* ProfileViewController.swift */,
				F9C368FD2017AF3500729638 /* ProfileViewController.xib */,
			);
			path = Authentification;
			sourceTree = "<group>";
		};
		F9A2D2CE2018F49B00F0033E /* models */ = {
			isa = PBXGroup;
			children = (
				F9A2D2CF2018F4BE00F0033E /* Order.swift */,
			);
			path = models;
			sourceTree = "<group>";
		};
		F9C368F32017A3F400729638 /* controllers */ = {
			isa = PBXGroup;
			children = (
				F9C368F42017A40600729638 /* MainViewController.swift */,
				F9C368F82017A63800729638 /* MainViewController.xib */,
			);
			path = controllers;
			sourceTree = "<group>";
		};
/* End PBXGroup section */

/* Begin PBXNativeTarget section */
		F90062EB200E64AB00578C11 /* Flower */ = {
			isa = PBXNativeTarget;
			buildConfigurationList = F9006316200E64AB00578C11 /* Build configuration list for PBXNativeTarget "Flower" */;
			buildPhases = (
				F90062E8200E64AB00578C11 /* Sources */,
				F90062E9200E64AB00578C11 /* Frameworks */,
				F90062EA200E64AB00578C11 /* Resources */,
			);
			buildRules = (
			);
			dependencies = (
			);
			name = Flower;
			productName = AccorBooking;
			productReference = F90062EC200E64AB00578C11 /* Flower.app */;
			productType = "com.apple.product-type.application";
		};
		F9006301200E64AB00578C11 /* FlowerTests */ = {
			isa = PBXNativeTarget;
			buildConfigurationList = F9006319200E64AB00578C11 /* Build configuration list for PBXNativeTarget "FlowerTests" */;
			buildPhases = (
				F90062FE200E64AB00578C11 /* Sources */,
				F90062FF200E64AB00578C11 /* Frameworks */,
				F9006300200E64AB00578C11 /* Resources */,
			);
			buildRules = (
			);
			dependencies = (
				F9006304200E64AB00578C11 /* PBXTargetDependency */,
			);
			name = FlowerTests;
			productName = AccorBookingTests;
			productReference = F9006302200E64AB00578C11 /* FlowerTests.xctest */;
			productType = "com.apple.product-type.bundle.unit-test";
		};
		F900630C200E64AB00578C11 /* FlowerUITests */ = {
			isa = PBXNativeTarget;
			buildConfigurationList = F900631C200E64AB00578C11 /* Build configuration list for PBXNativeTarget "FlowerUITests" */;
			buildPhases = (
				F9006309200E64AB00578C11 /* Sources */,
				F900630A200E64AB00578C11 /* Frameworks */,
				F900630B200E64AB00578C11 /* Resources */,
			);
			buildRules = (
			);
			dependencies = (
				F900630F200E64AB00578C11 /* PBXTargetDependency */,
			);
			name = FlowerUITests;
			productName = AccorBookingUITests;
			productReference = F900630D200E64AB00578C11 /* FlowerUITests.xctest */;
			productType = "com.apple.product-type.bundle.ui-testing";
		};
/* End PBXNativeTarget section */

/* Begin PBXProject section */
		F90062E4200E64AB00578C11 /* Project object */ = {
			isa = PBXProject;
			attributes = {
				LastSwiftUpdateCheck = 0920;
				LastUpgradeCheck = 0920;
				ORGANIZATIONNAME = JG;
				TargetAttributes = {
					F90062EB200E64AB00578C11 = {
						CreatedOnToolsVersion = 9.2;
						ProvisioningStyle = Automatic;
					};
					F9006301200E64AB00578C11 = {
						CreatedOnToolsVersion = 9.2;
						ProvisioningStyle = Automatic;
						TestTargetID = F90062EB200E64AB00578C11;
					};
					F900630C200E64AB00578C11 = {
						CreatedOnToolsVersion = 9.2;
						ProvisioningStyle = Automatic;
						TestTargetID = F90062EB200E64AB00578C11;
					};
				};
			};
			buildConfigurationList = F90062E7200E64AB00578C11 /* Build configuration list for PBXProject "Flower" */;
			compatibilityVersion = "Xcode 8.0";
			developmentRegion = en;
			hasScannedForEncodings = 0;
			knownRegions = (
				en,
				Base,
			);
			mainGroup = F90062E3200E64AB00578C11;
			productRefGroup = F90062ED200E64AB00578C11 /* Products */;
			projectDirPath = "";
			projectRoot = "";
			targets = (
				F90062EB200E64AB00578C11 /* Flower */,
				F9006301200E64AB00578C11 /* FlowerTests */,
				F900630C200E64AB00578C11 /* FlowerUITests */,
			);
		};
/* End PBXProject section */

/* Begin PBXResourcesBuildPhase section */
		F90062EA200E64AB00578C11 /* Resources */ = {
			isa = PBXResourcesBuildPhase;
			buildActionMask = 2147483647;
			files = (
				F9C368FF2017AF3500729638 /* ProfileViewController.xib in Resources */,
				F97A0D032017410700BA1664 /* LoginViewController.xib in Resources */,
				F9C368F92017A63800729638 /* MainViewController.xib in Resources */,
				F9CDF6E220174C11009B506D /* SignupViewController.xib in Resources */,
				F944A747201546CC00D4C771 /* Main.storyboard in Resources */,
				F96EC8E42018E27E001013E5 /* Localizable.strings in Resources */,
				F944A745201546CC00D4C771 /* Assets.xcassets in Resources */,
				F96EC8EA2018E47C001013E5 /* PasswordViewController.xib in Resources */,
				F944A746201546CC00D4C771 /* LaunchScreen.storyboard in Resources */,
			);
			runOnlyForDeploymentPostprocessing = 0;
		};
		F9006300200E64AB00578C11 /* Resources */ = {
			isa = PBXResourcesBuildPhase;
			buildActionMask = 2147483647;
			files = (
			);
			runOnlyForDeploymentPostprocessing = 0;
		};
		F900630B200E64AB00578C11 /* Resources */ = {
			isa = PBXResourcesBuildPhase;
			buildActionMask = 2147483647;
			files = (
			);
			runOnlyForDeploymentPostprocessing = 0;
		};
/* End PBXResourcesBuildPhase section */

/* Begin PBXSourcesBuildPhase section */
		F90062E8200E64AB00578C11 /* Sources */ = {
			isa = PBXSourcesBuildPhase;
			buildActionMask = 2147483647;
			files = (
				F944A7552015482F00D4C771 /* LoginViewController.swift in Sources */,
				F9CDF6E120174C11009B506D /* SignupViewController.swift in Sources */,
				F9CDF6E420178BB0009B506D /* TabBarCoordinator.swift in Sources */,
				F944A748201546CC00D4C771 /* AppDelegate.swift in Sources */,
				F944A743201546CC00D4C771 /* AppCoordinator.swift in Sources */,
				F96EC8E92018E47C001013E5 /* PasswordViewController.swift in Sources */,
				F9CDF6E620178C15009B506D /* OrderCoordinator.swift in Sources */,
				F9C368FE2017AF3500729638 /* ProfileViewController.swift in Sources */,
				F9CDF6E820178C66009B506D /* ProfileCoordinator.swift in Sources */,
				F9CDF6EA20179D8F009B506D /* MainCoordinator.swift in Sources */,
				F9A2D2D02018F4BE00F0033E /* Order.swift in Sources */,
				F944A742201546CC00D4C771 /* AuthenticationCoordinator.swift in Sources */,
				F9C368F52017A40600729638 /* MainViewController.swift in Sources */,
			);
			runOnlyForDeploymentPostprocessing = 0;
		};
		F90062FE200E64AB00578C11 /* Sources */ = {
			isa = PBXSourcesBuildPhase;
			buildActionMask = 2147483647;
			files = (
				F944A74F201546E400D4C771 /* FlowerTests.swift in Sources */,
			);
			runOnlyForDeploymentPostprocessing = 0;
		};
		F9006309200E64AB00578C11 /* Sources */ = {
			isa = PBXSourcesBuildPhase;
			buildActionMask = 2147483647;
			files = (
				F944A752201546EF00D4C771 /* FlowerUITests.swift in Sources */,
			);
			runOnlyForDeploymentPostprocessing = 0;
		};
/* End PBXSourcesBuildPhase section */

/* Begin PBXTargetDependency section */
		F9006304200E64AB00578C11 /* PBXTargetDependency */ = {
			isa = PBXTargetDependency;
			target = F90062EB200E64AB00578C11 /* Flower */;
			targetProxy = F9006303200E64AB00578C11 /* PBXContainerItemProxy */;
		};
		F900630F200E64AB00578C11 /* PBXTargetDependency */ = {
			isa = PBXTargetDependency;
			target = F90062EB200E64AB00578C11 /* Flower */;
			targetProxy = F900630E200E64AB00578C11 /* PBXContainerItemProxy */;
		};
/* End PBXTargetDependency section */

/* Begin PBXVariantGroup section */
		F944A735201546CC00D4C771 /* LaunchScreen.storyboard */ = {
			isa = PBXVariantGroup;
			children = (
				F944A736201546CC00D4C771 /* Base */,
			);
			name = LaunchScreen.storyboard;
			sourceTree = "<group>";
		};
		F944A737201546CC00D4C771 /* Main.storyboard */ = {
			isa = PBXVariantGroup;
			children = (
				F944A738201546CC00D4C771 /* Base */,
			);
			name = Main.storyboard;
			sourceTree = "<group>";
		};
/* End PBXVariantGroup section */

/* Begin XCBuildConfiguration section */
		F9006314200E64AB00578C11 /* Debug */ = {
			isa = XCBuildConfiguration;
			buildSettings = {
				ALWAYS_SEARCH_USER_PATHS = NO;
				CLANG_ANALYZER_LOCALIZABILITY_NONLOCALIZED = YES;
				CLANG_ANALYZER_NONNULL = YES;
				CLANG_ANALYZER_NUMBER_OBJECT_CONVERSION = YES_AGGRESSIVE;
				CLANG_CXX_LANGUAGE_STANDARD = "gnu++14";
				CLANG_CXX_LIBRARY = "libc++";
				CLANG_ENABLE_MODULES = YES;
				CLANG_ENABLE_OBJC_ARC = YES;
				CLANG_WARN_BLOCK_CAPTURE_AUTORELEASING = YES;
				CLANG_WARN_BOOL_CONVERSION = YES;
				CLANG_WARN_COMMA = YES;
				CLANG_WARN_CONSTANT_CONVERSION = YES;
				CLANG_WARN_DIRECT_OBJC_ISA_USAGE = YES_ERROR;
				CLANG_WARN_DOCUMENTATION_COMMENTS = YES;
				CLANG_WARN_EMPTY_BODY = YES;
				CLANG_WARN_ENUM_CONVERSION = YES;
				CLANG_WARN_INFINITE_RECURSION = YES;
				CLANG_WARN_INT_CONVERSION = YES;
				CLANG_WARN_NON_LITERAL_NULL_CONVERSION = YES;
				CLANG_WARN_OBJC_LITERAL_CONVERSION = YES;
				CLANG_WARN_OBJC_ROOT_CLASS = YES_ERROR;
				CLANG_WARN_RANGE_LOOP_ANALYSIS = YES;
				CLANG_WARN_STRICT_PROTOTYPES = YES;
				CLANG_WARN_SUSPICIOUS_MOVE = YES;
				CLANG_WARN_UNGUARDED_AVAILABILITY = YES_AGGRESSIVE;
				CLANG_WARN_UNREACHABLE_CODE = YES;
				CLANG_WARN__DUPLICATE_METHOD_MATCH = YES;
				CODE_SIGN_IDENTITY = "iPhone Developer";
				COPY_PHASE_STRIP = NO;
				DEBUG_INFORMATION_FORMAT = dwarf;
				ENABLE_STRICT_OBJC_MSGSEND = YES;
				ENABLE_TESTABILITY = YES;
				GCC_C_LANGUAGE_STANDARD = gnu11;
				GCC_DYNAMIC_NO_PIC = NO;
				GCC_NO_COMMON_BLOCKS = YES;
				GCC_OPTIMIZATION_LEVEL = 0;
				GCC_PREPROCESSOR_DEFINITIONS = (
					"DEBUG=1",
					"$(inherited)",
				);
				GCC_WARN_64_TO_32_BIT_CONVERSION = YES;
				GCC_WARN_ABOUT_RETURN_TYPE = YES_ERROR;
				GCC_WARN_UNDECLARED_SELECTOR = YES;
				GCC_WARN_UNINITIALIZED_AUTOS = YES_AGGRESSIVE;
				GCC_WARN_UNUSED_FUNCTION = YES;
				GCC_WARN_UNUSED_VARIABLE = YES;
				IPHONEOS_DEPLOYMENT_TARGET = 11.0;
				MTL_ENABLE_DEBUG_INFO = YES;
				ONLY_ACTIVE_ARCH = YES;
				SDKROOT = iphoneos;
				SWIFT_ACTIVE_COMPILATION_CONDITIONS = DEBUG;
				SWIFT_OPTIMIZATION_LEVEL = "-Onone";
			};
			name = Debug;
		};
		F9006315200E64AB00578C11 /* Release */ = {
			isa = XCBuildConfiguration;
			buildSettings = {
				ALWAYS_SEARCH_USER_PATHS = NO;
				CLANG_ANALYZER_LOCALIZABILITY_NONLOCALIZED = YES;
				CLANG_ANALYZER_NONNULL = YES;
				CLANG_ANALYZER_NUMBER_OBJECT_CONVERSION = YES_AGGRESSIVE;
				CLANG_CXX_LANGUAGE_STANDARD = "gnu++14";
				CLANG_CXX_LIBRARY = "libc++";
				CLANG_ENABLE_MODULES = YES;
				CLANG_ENABLE_OBJC_ARC = YES;
				CLANG_WARN_BLOCK_CAPTURE_AUTORELEASING = YES;
				CLANG_WARN_BOOL_CONVERSION = YES;
				CLANG_WARN_COMMA = YES;
				CLANG_WARN_CONSTANT_CONVERSION = YES;
				CLANG_WARN_DIRECT_OBJC_ISA_USAGE = YES_ERROR;
				CLANG_WARN_DOCUMENTATION_COMMENTS = YES;
				CLANG_WARN_EMPTY_BODY = YES;
				CLANG_WARN_ENUM_CONVERSION = YES;
				CLANG_WARN_INFINITE_RECURSION = YES;
				CLANG_WARN_INT_CONVERSION = YES;
				CLANG_WARN_NON_LITERAL_NULL_CONVERSION = YES;
				CLANG_WARN_OBJC_LITERAL_CONVERSION = YES;
				CLANG_WARN_OBJC_ROOT_CLASS = YES_ERROR;
				CLANG_WARN_RANGE_LOOP_ANALYSIS = YES;
				CLANG_WARN_STRICT_PROTOTYPES = YES;
				CLANG_WARN_SUSPICIOUS_MOVE = YES;
				CLANG_WARN_UNGUARDED_AVAILABILITY = YES_AGGRESSIVE;
				CLANG_WARN_UNREACHABLE_CODE = YES;
				CLANG_WARN__DUPLICATE_METHOD_MATCH = YES;
				CODE_SIGN_IDENTITY = "iPhone Developer";
				COPY_PHASE_STRIP = NO;
				DEBUG_INFORMATION_FORMAT = "dwarf-with-dsym";
				ENABLE_NS_ASSERTIONS = NO;
				ENABLE_STRICT_OBJC_MSGSEND = YES;
				GCC_C_LANGUAGE_STANDARD = gnu11;
				GCC_NO_COMMON_BLOCKS = YES;
				GCC_WARN_64_TO_32_BIT_CONVERSION = YES;
				GCC_WARN_ABOUT_RETURN_TYPE = YES_ERROR;
				GCC_WARN_UNDECLARED_SELECTOR = YES;
				GCC_WARN_UNINITIALIZED_AUTOS = YES_AGGRESSIVE;
				GCC_WARN_UNUSED_FUNCTION = YES;
				GCC_WARN_UNUSED_VARIABLE = YES;
				IPHONEOS_DEPLOYMENT_TARGET = 11.0;
				MTL_ENABLE_DEBUG_INFO = NO;
				SDKROOT = iphoneos;
				SWIFT_OPTIMIZATION_LEVEL = "-Owholemodule";
				VALIDATE_PRODUCT = YES;
			};
			name = Release;
		};
		F9006317200E64AB00578C11 /* Debug */ = {
			isa = XCBuildConfiguration;
			buildSettings = {
				ASSETCATALOG_COMPILER_APPICON_NAME = AppIcon;
				CODE_SIGN_STYLE = Automatic;
				DEVELOPMENT_TEAM = YB7QC5U2X5;
				INFOPLIST_FILE = Flower/Info.plist;
				IPHONEOS_DEPLOYMENT_TARGET = 11.0;
				LD_RUNPATH_SEARCH_PATHS = "$(inherited) @executable_path/Frameworks";
				PRODUCT_BUNDLE_IDENTIFIER = JG.Flower;
				PRODUCT_NAME = "$(TARGET_NAME)";
				SWIFT_VERSION = 4.0;
				TARGETED_DEVICE_FAMILY = "1,2";
			};
			name = Debug;
		};
		F9006318200E64AB00578C11 /* Release */ = {
			isa = XCBuildConfiguration;
			buildSettings = {
				ASSETCATALOG_COMPILER_APPICON_NAME = AppIcon;
				CODE_SIGN_STYLE = Automatic;
				DEVELOPMENT_TEAM = YB7QC5U2X5;
				INFOPLIST_FILE = Flower/Info.plist;
				IPHONEOS_DEPLOYMENT_TARGET = 11.0;
				LD_RUNPATH_SEARCH_PATHS = "$(inherited) @executable_path/Frameworks";
				PRODUCT_BUNDLE_IDENTIFIER = JG.Flower;
				PRODUCT_NAME = "$(TARGET_NAME)";
				SWIFT_VERSION = 4.0;
				TARGETED_DEVICE_FAMILY = "1,2";
			};
			name = Release;
		};
		F900631A200E64AB00578C11 /* Debug */ = {
			isa = XCBuildConfiguration;
			buildSettings = {
				ALWAYS_EMBED_SWIFT_STANDARD_LIBRARIES = YES;
				BUNDLE_LOADER = "$(TEST_HOST)";
				CODE_SIGN_STYLE = Automatic;
				INFOPLIST_FILE = FlowerTests/Info.plist;
				LD_RUNPATH_SEARCH_PATHS = "$(inherited) @executable_path/Frameworks @loader_path/Frameworks";
				PRODUCT_BUNDLE_IDENTIFIER = JG.FlowerTests;
				PRODUCT_NAME = "$(TARGET_NAME)";
				SWIFT_VERSION = 4.0;
				TARGETED_DEVICE_FAMILY = "1,2";
				TEST_HOST = "$(BUILT_PRODUCTS_DIR)/Flower.app/Flower";
			};
			name = Debug;
		};
		F900631B200E64AB00578C11 /* Release */ = {
			isa = XCBuildConfiguration;
			buildSettings = {
				ALWAYS_EMBED_SWIFT_STANDARD_LIBRARIES = YES;
				BUNDLE_LOADER = "$(TEST_HOST)";
				CODE_SIGN_STYLE = Automatic;
				INFOPLIST_FILE = FlowerTests/Info.plist;
				LD_RUNPATH_SEARCH_PATHS = "$(inherited) @executable_path/Frameworks @loader_path/Frameworks";
				PRODUCT_BUNDLE_IDENTIFIER = JG.FlowerTests;
				PRODUCT_NAME = "$(TARGET_NAME)";
				SWIFT_VERSION = 4.0;
				TARGETED_DEVICE_FAMILY = "1,2";
				TEST_HOST = "$(BUILT_PRODUCTS_DIR)/Flower.app/Flower";
			};
			name = Release;
		};
		F900631D200E64AB00578C11 /* Debug */ = {
			isa = XCBuildConfiguration;
			buildSettings = {
				ALWAYS_EMBED_SWIFT_STANDARD_LIBRARIES = YES;
				CODE_SIGN_STYLE = Automatic;
				INFOPLIST_FILE = FlowerUITests/Info.plist;
				LD_RUNPATH_SEARCH_PATHS = "$(inherited) @executable_path/Frameworks @loader_path/Frameworks";
				PRODUCT_BUNDLE_IDENTIFIER = JG.FlowerUITests;
				PRODUCT_NAME = "$(TARGET_NAME)";
				SWIFT_VERSION = 4.0;
				TARGETED_DEVICE_FAMILY = "1,2";
				TEST_TARGET_NAME = Flower;
			};
			name = Debug;
		};
		F900631E200E64AB00578C11 /* Release */ = {
			isa = XCBuildConfiguration;
			buildSettings = {
				ALWAYS_EMBED_SWIFT_STANDARD_LIBRARIES = YES;
				CODE_SIGN_STYLE = Automatic;
				INFOPLIST_FILE = FlowerUITests/Info.plist;
				LD_RUNPATH_SEARCH_PATHS = "$(inherited) @executable_path/Frameworks @loader_path/Frameworks";
				PRODUCT_BUNDLE_IDENTIFIER = JG.FlowerUITests;
				PRODUCT_NAME = "$(TARGET_NAME)";
				SWIFT_VERSION = 4.0;
				TARGETED_DEVICE_FAMILY = "1,2";
				TEST_TARGET_NAME = Flower;
			};
			name = Release;
		};
/* End XCBuildConfiguration section */

/* Begin XCConfigurationList section */
		F90062E7200E64AB00578C11 /* Build configuration list for PBXProject "Flower" */ = {
			isa = XCConfigurationList;
			buildConfigurations = (
				F9006314200E64AB00578C11 /* Debug */,
				F9006315200E64AB00578C11 /* Release */,
			);
			defaultConfigurationIsVisible = 0;
			defaultConfigurationName = Release;
		};
		F9006316200E64AB00578C11 /* Build configuration list for PBXNativeTarget "Flower" */ = {
			isa = XCConfigurationList;
			buildConfigurations = (
				F9006317200E64AB00578C11 /* Debug */,
				F9006318200E64AB00578C11 /* Release */,
			);
			defaultConfigurationIsVisible = 0;
			defaultConfigurationName = Release;
		};
		F9006319200E64AB00578C11 /* Build configuration list for PBXNativeTarget "FlowerTests" */ = {
			isa = XCConfigurationList;
			buildConfigurations = (
				F900631A200E64AB00578C11 /* Debug */,
				F900631B200E64AB00578C11 /* Release */,
			);
			defaultConfigurationIsVisible = 0;
			defaultConfigurationName = Release;
		};
		F900631C200E64AB00578C11 /* Build configuration list for PBXNativeTarget "FlowerUITests" */ = {
			isa = XCConfigurationList;
			buildConfigurations = (
				F900631D200E64AB00578C11 /* Debug */,
				F900631E200E64AB00578C11 /* Release */,
			);
			defaultConfigurationIsVisible = 0;
			defaultConfigurationName = Release;
		};
/* End XCConfigurationList section */
	};
	rootObject = F90062E4200E64AB00578C11 /* Project object */;
}
